
Microsoft Visual Studio Solution File, Format Version 12.00
# Visual Studio Version 16
VisualStudioVersion = 16.0.30804.86
MinimumVisualStudioVersion = 10.0.40219.1
Project("{FAE04EC0-301F-11D3-BF4B-00C04F79EFBC}") = "HelloXamarinn.Android", "HelloXamarinn\HelloXamarinn.Android\HelloXamarinn.Android.csproj", "{6B12A1CC-599F-410B-A6E2-09C0C84B72F7}"
EndProject
Project("{FAE04EC0-301F-11D3-BF4B-00C04F79EFBC}") = "HelloXamarinn.iOS", "HelloXamarinn\HelloXamarinn.iOS\HelloXamarinn.iOS.csproj", "{71191323-8E48-4810-B57E-D5EC524760B6}"
EndProject
Project("{FAE04EC0-301F-11D3-BF4B-00C04F79EFBC}") = "HelloXamarinn", "HelloXamarinn\HelloXamarinn\HelloXamarinn.csproj", "{D2F2EAA6-87D8-4C0F-B098-3F684B562537}"
EndProject
Global
	GlobalSection(SolutionConfigurationPlatforms) = preSolution
		Debug|Any CPU = Debug|Any CPU
		Debug|iPhone = Debug|iPhone
		Debug|iPhoneSimulator = Debug|iPhoneSimulator
		Release|Any CPU = Release|Any CPU
		Release|iPhone = Release|iPhone
		Release|iPhoneSimulator = Release|iPhoneSimulator
	EndGlobalSection
	GlobalSection(ProjectConfigurationPlatforms) = postSolution
		{6B12A1CC-599F-410B-A6E2-09C0C84B72F7}.Debug|Any CPU.ActiveCfg = Debug|Any CPU
		{6B12A1CC-599F-410B-A6E2-09C0C84B72F7}.Debug|Any CPU.Build.0 = Debug|Any CPU
		{6B12A1CC-599F-410B-A6E2-09C0C84B72F7}.Debug|Any CPU.Deploy.0 = Debug|Any CPU
		{6B12A1CC-599F-410B-A6E2-09C0C84B72F7}.Debug|iPhone.ActiveCfg = Debug|Any CPU
		{6B12A1CC-599F-410B-A6E2-09C0C84B72F7}.Debug|iPhone.Build.0 = Debug|Any CPU
		{6B12A1CC-599F-410B-A6E2-09C0C84B72F7}.Debug|iPhone.Deploy.0 = Debug|Any CPU
		{6B12A1CC-599F-410B-A6E2-09C0C84B72F7}.Debug|iPhoneSimulator.ActiveCfg = Debug|Any CPU
		{6B12A1CC-599F-410B-A6E2-09C0C84B72F7}.Debug|iPhoneSimulator.Build.0 = Debug|Any CPU
		{6B12A1CC-599F-410B-A6E2-09C0C84B72F7}.Debug|iPhoneSimulator.Deploy.0 = Debug|Any CPU
		{6B12A1CC-599F-410B-A6E2-09C0C84B72F7}.Release|Any CPU.ActiveCfg = Release|Any CPU
		{6B12A1CC-599F-410B-A6E2-09C0C84B72F7}.Release|Any CPU.Build.0 = Release|Any CPU
		{6B12A1CC-599F-410B-A6E2-09C0C84B72F7}.Release|Any CPU.Deploy.0 = Release|Any CPU
		{6B12A1CC-599F-410B-A6E2-09C0C84B72F7}.Release|iPhone.ActiveCfg = Release|Any CPU
		{6B12A1CC-599F-410B-A6E2-09C0C84B72F7}.Release|iPhone.Build.0 = Release|Any CPU
		{6B12A1CC-599F-410B-A6E2-09C0C84B72F7}.Release|iPhone.Deploy.0 = Release|Any CPU
		{6B12A1CC-599F-410B-A6E2-09C0C84B72F7}.Release|iPhoneSimulator.ActiveCfg = Release|Any CPU
		{6B12A1CC-599F-410B-A6E2-09C0C84B72F7}.Release|iPhoneSimulator.Build.0 = Release|Any CPU
		{6B12A1CC-599F-410B-A6E2-09C0C84B72F7}.Release|iPhoneSimulator.Deploy.0 = Release|Any CPU
		{71191323-8E48-4810-B57E-D5EC524760B6}.Debug|Any CPU.ActiveCfg = Debug|iPhone
		{71191323-8E48-4810-B57E-D5EC524760B6}.Debug|Any CPU.Build.0 = Debug|iPhone
		{71191323-8E48-4810-B57E-D5EC524760B6}.Debug|Any CPU.Deploy.0 = Debug|iPhone
		{71191323-8E48-4810-B57E-D5EC524760B6}.Debug|iPhone.ActiveCfg = Debug|iPhone
		{71191323-8E48-4810-B57E-D5EC524760B6}.Debug|iPhone.Build.0 = Debug|iPhone
		{71191323-8E48-4810-B57E-D5EC524760B6}.Debug|iPhone.Deploy.0 = Debug|iPhone
		{71191323-8E48-4810-B57E-D5EC524760B6}.Debug|iPhoneSimulator.ActiveCfg = Debug|iPhoneSimulator
		{71191323-8E48-4810-B57E-D5EC524760B6}.Debug|iPhoneSimulator.Build.0 = Debug|iPhoneSimulator
		{71191323-8E48-4810-B57E-D5EC524760B6}.Debug|iPhoneSimulator.Deploy.0 = Debug|iPhoneSimulator
		{71191323-8E48-4810-B57E-D5EC524760B6}.Release|Any CPU.ActiveCfg = Release|iPhoneSimulator
		{71191323-8E48-4810-B57E-D5EC524760B6}.Release|Any CPU.Build.0 = Release|iPhoneSimulator
		{71191323-8E48-4810-B57E-D5EC524760B6}.Release|Any CPU.Deploy.0 = Release|iPhoneSimulator
		{71191323-8E48-4810-B57E-D5EC524760B6}.Release|iPhone.ActiveCfg = Release|iPhone
		{71191323-8E48-4810-B57E-D5EC524760B6}.Release|iPhone.Build.0 = Release|iPhone
		{71191323-8E48-4810-B57E-D5EC524760B6}.Release|iPhone.Deploy.0 = Release|iPhone
		{71191323-8E48-4810-B57E-D5EC524760B6}.Release|iPhoneSimulator.ActiveCfg = Release|iPhoneSimulator
		{71191323-8E48-4810-B57E-D5EC524760B6}.Release|iPhoneSimulator.Build.0 = Release|iPhoneSimulator
		{71191323-8E48-4810-B57E-D5EC524760B6}.Release|iPhoneSimulator.Deploy.0 = Release|iPhoneSimulator
		{D2F2EAA6-87D8-4C0F-B098-3F684B562537}.Debug|Any CPU.ActiveCfg = Debug|Any CPU
		{D2F2EAA6-87D8-4C0F-B098-3F684B562537}.Debug|Any CPU.Build.0 = Debug|Any CPU
		{D2F2EAA6-87D8-4C0F-B098-3F684B562537}.Debug|Any CPU.Deploy.0 = Debug|Any CPU
		{D2F2EAA6-87D8-4C0F-B098-3F684B562537}.Debug|iPhone.ActiveCfg = Debug|Any CPU
		{D2F2EAA6-87D8-4C0F-B098-3F684B562537}.Debug|iPhone.Build.0 = Debug|Any CPU
		{D2F2EAA6-87D8-4C0F-B098-3F684B562537}.Debug|iPhone.Deploy.0 = Debug|Any CPU
		{D2F2EAA6-87D8-4C0F-B098-3F684B562537}.Debug|iPhoneSimulator.ActiveCfg = Debug|Any CPU
		{D2F2EAA6-87D8-4C0F-B098-3F684B562537}.Debug|iPhoneSimulator.Build.0 = Debug|Any CPU
		{D2F2EAA6-87D8-4C0F-B098-3F684B562537}.Debug|iPhoneSimulator.Deploy.0 = Debug|Any CPU
		{D2F2EAA6-87D8-4C0F-B098-3F684B562537}.Release|Any CPU.ActiveCfg = Release|Any CPU
		{D2F2EAA6-87D8-4C0F-B098-3F684B562537}.Release|Any CPU.Build.0 = Release|Any CPU
		{D2F2EAA6-87D8-4C0F-B098-3F684B562537}.Release|Any CPU.Deploy.0 = Release|Any CPU
		{D2F2EAA6-87D8-4C0F-B098-3F684B562537}.Release|iPhone.ActiveCfg = Release|Any CPU
		{D2F2EAA6-87D8-4C0F-B098-3F684B562537}.Release|iPhone.Build.0 = Release|Any CPU
		{D2F2EAA6-87D8-4C0F-B098-3F684B562537}.Release|iPhone.Deploy.0 = Release|Any CPU
		{D2F2EAA6-87D8-4C0F-B098-3F684B562537}.Release|iPhoneSimulator.ActiveCfg = Release|Any CPU
		{D2F2EAA6-87D8-4C0F-B098-3F684B562537}.Release|iPhoneSimulator.Build.0 = Release|Any CPU
		{D2F2EAA6-87D8-4C0F-B098-3F684B562537}.Release|iPhoneSimulator.Deploy.0 = Release|Any CPU
	EndGlobalSection
	GlobalSection(SolutionProperties) = preSolution
		HideSolutionNode = FALSE
	EndGlobalSection
	GlobalSection(ExtensibilityGlobals) = postSolution
		SolutionGuid = {4BC7EA5D-8A52-455D-B364-BB228BE4461B}
	EndGlobalSection
EndGlobal
